
Microsoft Visual Studio Solution File, Format Version 12.00
# Visual Studio Version 16
VisualStudioVersion = 16.0.30320.27
MinimumVisualStudioVersion = 10.0.40219.1
Project("{9A19103F-16F7-4668-BE54-9A1E7A4F7556}") = "Rocket", "Rocket\Rocket.csproj", "{7A288B04-4A3B-4A41-ADC0-47BD3D689E36}"
EndProject
Project("{9A19103F-16F7-4668-BE54-9A1E7A4F7556}") = "RocketLandingTestUnit", "RocketLandingTestUnit\RocketLandingTestUnit.csproj", "{ED686C91-B406-4AA9-8CE1-85B8E158FE0B}"
EndProject
Global
	GlobalSection(SolutionConfigurationPlatforms) = preSolution
		Debug|Any CPU = Debug|Any CPU
		Release|Any CPU = Release|Any CPU
	EndGlobalSection
	GlobalSection(ProjectConfigurationPlatforms) = postSolution
		{7A288B04-4A3B-4A41-ADC0-47BD3D689E36}.Debug|Any CPU.ActiveCfg = Debug|Any CPU
		{7A288B04-4A3B-4A41-ADC0-47BD3D689E36}.Debug|Any CPU.Build.0 = Debug|Any CPU
		{7A288B04-4A3B-4A41-ADC0-47BD3D689E36}.Release|Any CPU.ActiveCfg = Release|Any CPU
		{7A288B04-4A3B-4A41-ADC0-47BD3D689E36}.Release|Any CPU.Build.0 = Release|Any CPU
		{ED686C91-B406-4AA9-8CE1-85B8E158FE0B}.Debug|Any CPU.ActiveCfg = Debug|Any CPU
		{ED686C91-B406-4AA9-8CE1-85B8E158FE0B}.Debug|Any CPU.Build.0 = Debug|Any CPU
		{ED686C91-B406-4AA9-8CE1-85B8E158FE0B}.Release|Any CPU.ActiveCfg = Release|Any CPU
		{ED686C91-B406-4AA9-8CE1-85B8E158FE0B}.Release|Any CPU.Build.0 = Release|Any CPU
	EndGlobalSection
	GlobalSection(SolutionProperties) = preSolution
		HideSolutionNode = FALSE
	EndGlobalSection
	GlobalSection(ExtensibilityGlobals) = postSolution
		SolutionGuid = {3071F4A5-D398-42FC-BB2B-6A425D46D4F7}
	EndGlobalSection
EndGlobal
